{
  "name": "telegram-music-player-git",
  "lockfileVersion": 3,
  "requires": true,
  "packages": {
    "": {
      "dependencies": {
        "@iconify-json/solar": "^1.2.5"
      }
    },
    "node_modules/@iconify-json/solar": {
      "version": "1.2.5",
      "resolved": "https://registry.npmjs.org/@iconify-json/solar/-/solar-1.2.5.tgz",
      "integrity": "sha512-WMAiNwchU8zhfrySww6KQBRIBbsQ6SvgIu2yA+CHGyMima/0KQwT5MXogrZPJGoQF+1Ye3Qj6K+1CiyNn3YkoA==",
      "license": "CC-BY-4.0",
      "dependencies": {
        "@iconify/types": "*"
      }
    },
    "node_modules/@iconify/types": {
      "version": "2.0.0",
      "resolved": "https://registry.npmjs.org/@iconify/types/-/types-2.0.0.tgz",
      "integrity": "sha512-+wluvCrRhXrhyOmRDJ3q8mux9JkKy5SJ/v8ol2tu4FVjyYvtEzkc/3pK15ET6RKg4b4w4BmTk1+gsCUhf21Ykg==",
      "license": "MIT"
    }
  }
}
